{
  "name": "my-book-react-and-engineering",
  "version": "1.0.0",
  "lockfileVersion": 1,
  "requires": true,
  "dependencies": {
    "ci-info": {
      "version": "1.4.0",
      "resolved": "http://registry.npm.taobao.org/ci-info/download/ci-info-1.4.0.tgz",
      "integrity": "sha1-SEHVPK1J8RuCe2SOveJ6bhibQS8=",
      "dev": true
    },
    "husky": {
      "version": "0.14.3",
      "resolved": "http://registry.npm.taobao.org/husky/download/husky-0.14.3.tgz",
      "integrity": "sha1-xp7XTi0neXaaF7qDmbVM4LY8EsM=",
      "dev": true,
      "requires": {
        "is-ci": "^1.0.10",
        "normalize-path": "^1.0.0",
        "strip-indent": "^2.0.0"
      }
    },
    "is-ci": {
      "version": "1.2.0",
      "resolved": "http://registry.npm.taobao.org/is-ci/download/is-ci-1.2.0.tgz",
      "integrity": "sha1-P0oI1jA6CYgs7z8PuXQ5xfXOLVM=",
      "dev": true,
      "requires": {
        "ci-info": "^1.3.0"
      }
    },
    "normalize-path": {
      "version": "1.0.0",
      "resolved": "http://registry.npm.taobao.org/normalize-path/download/normalize-path-1.0.0.tgz",
      "integrity": "sha1-MtDkcvkf80VwHBWoMRAY07CpA3k=",
      "dev": true
    },
    "strip-indent": {
      "version": "2.0.0",
      "resolved": "http://registry.npm.taobao.org/strip-indent/download/strip-indent-2.0.0.tgz",
      "integrity": "sha1-XvjbKV0B5u1sv3qrlpmNeCJSe2g=",
      "dev": true
    }
  }
}
